
Microsoft Visual Studio Solution File, Format Version 12.00
# Visual Studio 14
VisualStudioVersion = 14.0.25420.1
MinimumVisualStudioVersion = 10.0.40219.1
Project("{FAE04EC0-301F-11D3-BF4B-00C04F79EFBC}") = "OCR.UI.iOS", "OCR.UI.iOS\OCR.UI.iOS.csproj", "{1D18A729-56D4-46F0-AB46-A3D356FB7103}"
EndProject
Project("{FAE04EC0-301F-11D3-BF4B-00C04F79EFBC}") = "OCR.Core", "OCR.Core\OCR.Core.csproj", "{3224E25E-9640-4201-93FB-9A3A4C5E32A2}"
EndProject
Project("{FAE04EC0-301F-11D3-BF4B-00C04F79EFBC}") = "BTProgressHUD", "BTProgressHUD\BTProgressHUD.csproj", "{8ECDFDC5-42D0-4540-9691-830EEB2ED874}"
EndProject
Project("{FAE04EC0-301F-11D3-BF4B-00C04F79EFBC}") = "CRSAlertView", "CRSAlertView\CRSAlertView.csproj", "{1A42448A-98E5-498E-94B2-F95C03A88755}"
EndProject
Project("{FAE04EC0-301F-11D3-BF4B-00C04F79EFBC}") = "OCR.UI.Android", "OCR.UI.Android\OCR.UI.Android.csproj", "{847BDF55-C084-468C-97C3-0B9E470E4789}"
EndProject
Global
	GlobalSection(SolutionConfigurationPlatforms) = preSolution
		Debug|Any CPU = Debug|Any CPU
		Debug|iPhone = Debug|iPhone
		Debug|iPhoneSimulator = Debug|iPhoneSimulator
		iOS Release|Any CPU = iOS Release|Any CPU
		iOS Release|iPhone = iOS Release|iPhone
		iOS Release|iPhoneSimulator = iOS Release|iPhoneSimulator
		Release|Any CPU = Release|Any CPU
		Release|iPhone = Release|iPhone
		Release|iPhoneSimulator = Release|iPhoneSimulator
	EndGlobalSection
	GlobalSection(ProjectConfigurationPlatforms) = postSolution
		{1D18A729-56D4-46F0-AB46-A3D356FB7103}.Debug|Any CPU.ActiveCfg = Debug|iPhoneSimulator
		{1D18A729-56D4-46F0-AB46-A3D356FB7103}.Debug|Any CPU.Build.0 = Debug|iPhoneSimulator
		{1D18A729-56D4-46F0-AB46-A3D356FB7103}.Debug|iPhone.ActiveCfg = Debug|iPhone
		{1D18A729-56D4-46F0-AB46-A3D356FB7103}.Debug|iPhone.Build.0 = Debug|iPhone
		{1D18A729-56D4-46F0-AB46-A3D356FB7103}.Debug|iPhoneSimulator.ActiveCfg = Debug|iPhoneSimulator
		{1D18A729-56D4-46F0-AB46-A3D356FB7103}.Debug|iPhoneSimulator.Build.0 = Debug|iPhoneSimulator
		{1D18A729-56D4-46F0-AB46-A3D356FB7103}.iOS Release|Any CPU.ActiveCfg = Release|iPhone
		{1D18A729-56D4-46F0-AB46-A3D356FB7103}.iOS Release|Any CPU.Build.0 = Release|iPhone
		{1D18A729-56D4-46F0-AB46-A3D356FB7103}.iOS Release|iPhone.ActiveCfg = Release|iPhone
		{1D18A729-56D4-46F0-AB46-A3D356FB7103}.iOS Release|iPhone.Build.0 = Release|iPhone
		{1D18A729-56D4-46F0-AB46-A3D356FB7103}.iOS Release|iPhoneSimulator.ActiveCfg = Release|iPhoneSimulator
		{1D18A729-56D4-46F0-AB46-A3D356FB7103}.iOS Release|iPhoneSimulator.Build.0 = Release|iPhoneSimulator
		{1D18A729-56D4-46F0-AB46-A3D356FB7103}.Release|Any CPU.ActiveCfg = Release|iPhone
		{1D18A729-56D4-46F0-AB46-A3D356FB7103}.Release|Any CPU.Build.0 = Release|iPhone
		{1D18A729-56D4-46F0-AB46-A3D356FB7103}.Release|iPhone.ActiveCfg = Release|iPhone
		{1D18A729-56D4-46F0-AB46-A3D356FB7103}.Release|iPhone.Build.0 = Release|iPhone
		{1D18A729-56D4-46F0-AB46-A3D356FB7103}.Release|iPhoneSimulator.ActiveCfg = Release|iPhoneSimulator
		{1D18A729-56D4-46F0-AB46-A3D356FB7103}.Release|iPhoneSimulator.Build.0 = Release|iPhoneSimulator
		{3224E25E-9640-4201-93FB-9A3A4C5E32A2}.Debug|Any CPU.ActiveCfg = Debug|Any CPU
		{3224E25E-9640-4201-93FB-9A3A4C5E32A2}.Debug|Any CPU.Build.0 = Debug|Any CPU
		{3224E25E-9640-4201-93FB-9A3A4C5E32A2}.Debug|iPhone.ActiveCfg = Debug|Any CPU
		{3224E25E-9640-4201-93FB-9A3A4C5E32A2}.Debug|iPhone.Build.0 = Debug|Any CPU
		{3224E25E-9640-4201-93FB-9A3A4C5E32A2}.Debug|iPhoneSimulator.ActiveCfg = Debug|Any CPU
		{3224E25E-9640-4201-93FB-9A3A4C5E32A2}.Debug|iPhoneSimulator.Build.0 = Debug|Any CPU
		{3224E25E-9640-4201-93FB-9A3A4C5E32A2}.iOS Release|Any CPU.ActiveCfg = Release|Any CPU
		{3224E25E-9640-4201-93FB-9A3A4C5E32A2}.iOS Release|Any CPU.Build.0 = Release|Any CPU
		{3224E25E-9640-4201-93FB-9A3A4C5E32A2}.iOS Release|iPhone.ActiveCfg = Release|Any CPU
		{3224E25E-9640-4201-93FB-9A3A4C5E32A2}.iOS Release|iPhone.Build.0 = Release|Any CPU
		{3224E25E-9640-4201-93FB-9A3A4C5E32A2}.iOS Release|iPhoneSimulator.ActiveCfg = Release|Any CPU
		{3224E25E-9640-4201-93FB-9A3A4C5E32A2}.iOS Release|iPhoneSimulator.Build.0 = Release|Any CPU
		{3224E25E-9640-4201-93FB-9A3A4C5E32A2}.Release|Any CPU.ActiveCfg = Release|Any CPU
		{3224E25E-9640-4201-93FB-9A3A4C5E32A2}.Release|Any CPU.Build.0 = Release|Any CPU
		{3224E25E-9640-4201-93FB-9A3A4C5E32A2}.Release|iPhone.ActiveCfg = Release|Any CPU
		{3224E25E-9640-4201-93FB-9A3A4C5E32A2}.Release|iPhone.Build.0 = Release|Any CPU
		{3224E25E-9640-4201-93FB-9A3A4C5E32A2}.Release|iPhoneSimulator.ActiveCfg = Release|Any CPU
		{3224E25E-9640-4201-93FB-9A3A4C5E32A2}.Release|iPhoneSimulator.Build.0 = Release|Any CPU
		{8ECDFDC5-42D0-4540-9691-830EEB2ED874}.Debug|Any CPU.ActiveCfg = Debug|Any CPU
		{8ECDFDC5-42D0-4540-9691-830EEB2ED874}.Debug|Any CPU.Build.0 = Debug|Any CPU
		{8ECDFDC5-42D0-4540-9691-830EEB2ED874}.Debug|iPhone.ActiveCfg = Debug|Any CPU
		{8ECDFDC5-42D0-4540-9691-830EEB2ED874}.Debug|iPhone.Build.0 = Debug|Any CPU
		{8ECDFDC5-42D0-4540-9691-830EEB2ED874}.Debug|iPhoneSimulator.ActiveCfg = Debug|Any CPU
		{8ECDFDC5-42D0-4540-9691-830EEB2ED874}.Debug|iPhoneSimulator.Build.0 = Debug|Any CPU
		{8ECDFDC5-42D0-4540-9691-830EEB2ED874}.iOS Release|Any CPU.ActiveCfg = Release|Any CPU
		{8ECDFDC5-42D0-4540-9691-830EEB2ED874}.iOS Release|Any CPU.Build.0 = Release|Any CPU
		{8ECDFDC5-42D0-4540-9691-830EEB2ED874}.iOS Release|iPhone.ActiveCfg = Release|Any CPU
		{8ECDFDC5-42D0-4540-9691-830EEB2ED874}.iOS Release|iPhone.Build.0 = Release|Any CPU
		{8ECDFDC5-42D0-4540-9691-830EEB2ED874}.iOS Release|iPhoneSimulator.ActiveCfg = Release|Any CPU
		{8ECDFDC5-42D0-4540-9691-830EEB2ED874}.iOS Release|iPhoneSimulator.Build.0 = Release|Any CPU
		{8ECDFDC5-42D0-4540-9691-830EEB2ED874}.Release|Any CPU.ActiveCfg = Release|Any CPU
		{8ECDFDC5-42D0-4540-9691-830EEB2ED874}.Release|Any CPU.Build.0 = Release|Any CPU
		{8ECDFDC5-42D0-4540-9691-830EEB2ED874}.Release|iPhone.ActiveCfg = Release|Any CPU
		{8ECDFDC5-42D0-4540-9691-830EEB2ED874}.Release|iPhone.Build.0 = Release|Any CPU
		{8ECDFDC5-42D0-4540-9691-830EEB2ED874}.Release|iPhoneSimulator.ActiveCfg = Release|Any CPU
		{8ECDFDC5-42D0-4540-9691-830EEB2ED874}.Release|iPhoneSimulator.Build.0 = Release|Any CPU
		{1A42448A-98E5-498E-94B2-F95C03A88755}.Debug|Any CPU.ActiveCfg = Debug|Any CPU
		{1A42448A-98E5-498E-94B2-F95C03A88755}.Debug|Any CPU.Build.0 = Debug|Any CPU
		{1A42448A-98E5-498E-94B2-F95C03A88755}.Debug|iPhone.ActiveCfg = Debug|Any CPU
		{1A42448A-98E5-498E-94B2-F95C03A88755}.Debug|iPhone.Build.0 = Debug|Any CPU
		{1A42448A-98E5-498E-94B2-F95C03A88755}.Debug|iPhoneSimulator.ActiveCfg = Debug|Any CPU
		{1A42448A-98E5-498E-94B2-F95C03A88755}.Debug|iPhoneSimulator.Build.0 = Debug|Any CPU
		{1A42448A-98E5-498E-94B2-F95C03A88755}.iOS Release|Any CPU.ActiveCfg = Release|Any CPU
		{1A42448A-98E5-498E-94B2-F95C03A88755}.iOS Release|Any CPU.Build.0 = Release|Any CPU
		{1A42448A-98E5-498E-94B2-F95C03A88755}.iOS Release|iPhone.ActiveCfg = Release|Any CPU
		{1A42448A-98E5-498E-94B2-F95C03A88755}.iOS Release|iPhone.Build.0 = Release|Any CPU
		{1A42448A-98E5-498E-94B2-F95C03A88755}.iOS Release|iPhoneSimulator.ActiveCfg = Release|Any CPU
		{1A42448A-98E5-498E-94B2-F95C03A88755}.iOS Release|iPhoneSimulator.Build.0 = Release|Any CPU
		{1A42448A-98E5-498E-94B2-F95C03A88755}.Release|Any CPU.ActiveCfg = Release|Any CPU
		{1A42448A-98E5-498E-94B2-F95C03A88755}.Release|Any CPU.Build.0 = Release|Any CPU
		{1A42448A-98E5-498E-94B2-F95C03A88755}.Release|iPhone.ActiveCfg = Release|Any CPU
		{1A42448A-98E5-498E-94B2-F95C03A88755}.Release|iPhone.Build.0 = Release|Any CPU
		{1A42448A-98E5-498E-94B2-F95C03A88755}.Release|iPhoneSimulator.ActiveCfg = Release|Any CPU
		{1A42448A-98E5-498E-94B2-F95C03A88755}.Release|iPhoneSimulator.Build.0 = Release|Any CPU
		{847BDF55-C084-468C-97C3-0B9E470E4789}.Debug|Any CPU.ActiveCfg = Debug|Any CPU
		{847BDF55-C084-468C-97C3-0B9E470E4789}.Debug|Any CPU.Build.0 = Debug|Any CPU
		{847BDF55-C084-468C-97C3-0B9E470E4789}.Debug|Any CPU.Deploy.0 = Debug|Any CPU
		{847BDF55-C084-468C-97C3-0B9E470E4789}.Debug|iPhone.ActiveCfg = Debug|Any CPU
		{847BDF55-C084-468C-97C3-0B9E470E4789}.Debug|iPhone.Build.0 = Debug|Any CPU
		{847BDF55-C084-468C-97C3-0B9E470E4789}.Debug|iPhone.Deploy.0 = Debug|Any CPU
		{847BDF55-C084-468C-97C3-0B9E470E4789}.Debug|iPhoneSimulator.ActiveCfg = Debug|Any CPU
		{847BDF55-C084-468C-97C3-0B9E470E4789}.Debug|iPhoneSimulator.Build.0 = Debug|Any CPU
		{847BDF55-C084-468C-97C3-0B9E470E4789}.Debug|iPhoneSimulator.Deploy.0 = Debug|Any CPU
		{847BDF55-C084-468C-97C3-0B9E470E4789}.iOS Release|Any CPU.ActiveCfg = Release|Any CPU
		{847BDF55-C084-468C-97C3-0B9E470E4789}.iOS Release|Any CPU.Build.0 = Release|Any CPU
		{847BDF55-C084-468C-97C3-0B9E470E4789}.iOS Release|Any CPU.Deploy.0 = Release|Any CPU
		{847BDF55-C084-468C-97C3-0B9E470E4789}.iOS Release|iPhone.ActiveCfg = Release|Any CPU
		{847BDF55-C084-468C-97C3-0B9E470E4789}.iOS Release|iPhone.Build.0 = Release|Any CPU
		{847BDF55-C084-468C-97C3-0B9E470E4789}.iOS Release|iPhone.Deploy.0 = Release|Any CPU
		{847BDF55-C084-468C-97C3-0B9E470E4789}.iOS Release|iPhoneSimulator.ActiveCfg = Release|Any CPU
		{847BDF55-C084-468C-97C3-0B9E470E4789}.iOS Release|iPhoneSimulator.Build.0 = Release|Any CPU
		{847BDF55-C084-468C-97C3-0B9E470E4789}.iOS Release|iPhoneSimulator.Deploy.0 = Release|Any CPU
		{847BDF55-C084-468C-97C3-0B9E470E4789}.Release|Any CPU.ActiveCfg = Release|Any CPU
		{847BDF55-C084-468C-97C3-0B9E470E4789}.Release|Any CPU.Build.0 = Release|Any CPU
		{847BDF55-C084-468C-97C3-0B9E470E4789}.Release|Any CPU.Deploy.0 = Release|Any CPU
		{847BDF55-C084-468C-97C3-0B9E470E4789}.Release|iPhone.ActiveCfg = Release|Any CPU
		{847BDF55-C084-468C-97C3-0B9E470E4789}.Release|iPhone.Build.0 = Release|Any CPU
		{847BDF55-C084-468C-97C3-0B9E470E4789}.Release|iPhone.Deploy.0 = Release|Any CPU
		{847BDF55-C084-468C-97C3-0B9E470E4789}.Release|iPhoneSimulator.ActiveCfg = Release|Any CPU
		{847BDF55-C084-468C-97C3-0B9E470E4789}.Release|iPhoneSimulator.Build.0 = Release|Any CPU
		{847BDF55-C084-468C-97C3-0B9E470E4789}.Release|iPhoneSimulator.Deploy.0 = Release|Any CPU
	EndGlobalSection
	GlobalSection(SolutionProperties) = preSolution
		HideSolutionNode = FALSE
	EndGlobalSection
EndGlobal
